
Microsoft Visual Studio Solution File, Format Version 12.00
# Visual Studio Version 16
VisualStudioVersion = 16.0.30330.147
MinimumVisualStudioVersion = 10.0.40219.1
Project("{FAE04EC0-301F-11D3-BF4B-00C04F79EFBC}") = "CSH1_Tag_10_Aufgabe_03", "CSH1_Tag_10_Aufgabe_03\CSH1_Tag_10_Aufgabe_03.csproj", "{0506E437-0A70-46DA-BB5E-DA91F2408479}"
EndProject
Global
	GlobalSection(SolutionConfigurationPlatforms) = preSolution
		Debug|Any CPU = Debug|Any CPU
		Release|Any CPU = Release|Any CPU
	EndGlobalSection
	GlobalSection(ProjectConfigurationPlatforms) = postSolution
		{0506E437-0A70-46DA-BB5E-DA91F2408479}.Debug|Any CPU.ActiveCfg = Debug|Any CPU
		{0506E437-0A70-46DA-BB5E-DA91F2408479}.Debug|Any CPU.Build.0 = Debug|Any CPU
		{0506E437-0A70-46DA-BB5E-DA91F2408479}.Release|Any CPU.ActiveCfg = Release|Any CPU
		{0506E437-0A70-46DA-BB5E-DA91F2408479}.Release|Any CPU.Build.0 = Release|Any CPU
	EndGlobalSection
	GlobalSection(SolutionProperties) = preSolution
		HideSolutionNode = FALSE
	EndGlobalSection
	GlobalSection(ExtensibilityGlobals) = postSolution
		SolutionGuid = {39B81C99-CA94-4986-953F-E798A24E8E08}
	EndGlobalSection
EndGlobal
